
Microsoft Visual Studio Solution File, Format Version 12.00
# Visual Studio Version 16
VisualStudioVersion = 16.0.32901.82
MinimumVisualStudioVersion = 10.0.40219.1
Project("{9A19103F-16F7-4668-BE54-9A1E7A4F7556}") = "JavaScript_Progrmming", "JavaScript_Progrmming\JavaScript_Progrmming.csproj", "{773C0A23-5115-426A-90D4-4FB686AA00A3}"
EndProject
Project("{9A19103F-16F7-4668-BE54-9A1E7A4F7556}") = "Lesson_HTML", "Lesson_HTML\Lesson_HTML.csproj", "{53133DC2-0C22-4EC2-9F7D-352907085750}"
EndProject
Project("{9A19103F-16F7-4668-BE54-9A1E7A4F7556}") = "Lesson_CSS", "Lesson_CSS\Lesson_CSS.csproj", "{2412F67D-3437-4B1E-8664-B9F11090D3B7}"
EndProject
Project("{9A19103F-16F7-4668-BE54-9A1E7A4F7556}") = "Homework", "Homework\Homework.csproj", "{B01BECCD-E67F-4EF8-A63C-47E210CBF551}"
EndProject
Project("{9A19103F-16F7-4668-BE54-9A1E7A4F7556}") = "Lesson_JavaScript", "Lesson_JavaScript\Lesson_JavaScript.csproj", "{4211EA85-9CC5-4684-9F27-E85EC8B87154}"
EndProject
Project("{9A19103F-16F7-4668-BE54-9A1E7A4F7556}") = "Lesson_Loops", "Lesson_Loops\Lesson_Loops.csproj", "{D3A561FB-77AC-4F8F-8940-A5EBFD581DE7}"
EndProject
Project("{FAE04EC0-301F-11D3-BF4B-00C04F79EFBC}") = "Assignment", "Assignment\Assignment.csproj", "{4CA965E8-E6E0-4F26-AF54-2145C092AD3A}"
EndProject
Global
	GlobalSection(SolutionConfigurationPlatforms) = preSolution
		Debug|Any CPU = Debug|Any CPU
		Release|Any CPU = Release|Any CPU
	EndGlobalSection
	GlobalSection(ProjectConfigurationPlatforms) = postSolution
		{773C0A23-5115-426A-90D4-4FB686AA00A3}.Debug|Any CPU.ActiveCfg = Debug|Any CPU
		{773C0A23-5115-426A-90D4-4FB686AA00A3}.Debug|Any CPU.Build.0 = Debug|Any CPU
		{773C0A23-5115-426A-90D4-4FB686AA00A3}.Release|Any CPU.ActiveCfg = Release|Any CPU
		{773C0A23-5115-426A-90D4-4FB686AA00A3}.Release|Any CPU.Build.0 = Release|Any CPU
		{53133DC2-0C22-4EC2-9F7D-352907085750}.Debug|Any CPU.ActiveCfg = Debug|Any CPU
		{53133DC2-0C22-4EC2-9F7D-352907085750}.Debug|Any CPU.Build.0 = Debug|Any CPU
		{53133DC2-0C22-4EC2-9F7D-352907085750}.Release|Any CPU.ActiveCfg = Release|Any CPU
		{53133DC2-0C22-4EC2-9F7D-352907085750}.Release|Any CPU.Build.0 = Release|Any CPU
		{2412F67D-3437-4B1E-8664-B9F11090D3B7}.Debug|Any CPU.ActiveCfg = Debug|Any CPU
		{2412F67D-3437-4B1E-8664-B9F11090D3B7}.Debug|Any CPU.Build.0 = Debug|Any CPU
		{2412F67D-3437-4B1E-8664-B9F11090D3B7}.Release|Any CPU.ActiveCfg = Release|Any CPU
		{2412F67D-3437-4B1E-8664-B9F11090D3B7}.Release|Any CPU.Build.0 = Release|Any CPU
		{B01BECCD-E67F-4EF8-A63C-47E210CBF551}.Debug|Any CPU.ActiveCfg = Debug|Any CPU
		{B01BECCD-E67F-4EF8-A63C-47E210CBF551}.Debug|Any CPU.Build.0 = Debug|Any CPU
		{B01BECCD-E67F-4EF8-A63C-47E210CBF551}.Release|Any CPU.ActiveCfg = Release|Any CPU
		{B01BECCD-E67F-4EF8-A63C-47E210CBF551}.Release|Any CPU.Build.0 = Release|Any CPU
		{4211EA85-9CC5-4684-9F27-E85EC8B87154}.Debug|Any CPU.ActiveCfg = Debug|Any CPU
		{4211EA85-9CC5-4684-9F27-E85EC8B87154}.Debug|Any CPU.Build.0 = Debug|Any CPU
		{4211EA85-9CC5-4684-9F27-E85EC8B87154}.Release|Any CPU.ActiveCfg = Release|Any CPU
		{4211EA85-9CC5-4684-9F27-E85EC8B87154}.Release|Any CPU.Build.0 = Release|Any CPU
		{D3A561FB-77AC-4F8F-8940-A5EBFD581DE7}.Debug|Any CPU.ActiveCfg = Debug|Any CPU
		{D3A561FB-77AC-4F8F-8940-A5EBFD581DE7}.Debug|Any CPU.Build.0 = Debug|Any CPU
		{D3A561FB-77AC-4F8F-8940-A5EBFD581DE7}.Release|Any CPU.ActiveCfg = Release|Any CPU
		{D3A561FB-77AC-4F8F-8940-A5EBFD581DE7}.Release|Any CPU.Build.0 = Release|Any CPU
		{4CA965E8-E6E0-4F26-AF54-2145C092AD3A}.Debug|Any CPU.ActiveCfg = Debug|Any CPU
		{4CA965E8-E6E0-4F26-AF54-2145C092AD3A}.Debug|Any CPU.Build.0 = Debug|Any CPU
		{4CA965E8-E6E0-4F26-AF54-2145C092AD3A}.Release|Any CPU.ActiveCfg = Release|Any CPU
		{4CA965E8-E6E0-4F26-AF54-2145C092AD3A}.Release|Any CPU.Build.0 = Release|Any CPU
	EndGlobalSection
	GlobalSection(SolutionProperties) = preSolution
		HideSolutionNode = FALSE
	EndGlobalSection
	GlobalSection(ExtensibilityGlobals) = postSolution
		SolutionGuid = {D96DA1D4-4082-4335-AAD7-06765749355B}
	EndGlobalSection
EndGlobal
